
Microsoft Visual Studio Solution File, Format Version 12.00
# Visual Studio Version 17
VisualStudioVersion = 17.5.002.0
MinimumVisualStudioVersion = 10.0.40219.1
Project("{9A19103F-16F7-4668-BE54-9A1E7A4F7556}") = "Tanlash-2.1", "Tanlash-2.1.csproj", "{3EF8538D-8338-449D-A179-5A59907E2D8C}"
EndProject
Global
	GlobalSection(SolutionConfigurationPlatforms) = preSolution
		Debug|Any CPU = Debug|Any CPU
		Release|Any CPU = Release|Any CPU
	EndGlobalSection
	GlobalSection(ProjectConfigurationPlatforms) = postSolution
		{3EF8538D-8338-449D-A179-5A59907E2D8C}.Debug|Any CPU.ActiveCfg = Debug|Any CPU
		{3EF8538D-8338-449D-A179-5A59907E2D8C}.Debug|Any CPU.Build.0 = Debug|Any CPU
		{3EF8538D-8338-449D-A179-5A59907E2D8C}.Release|Any CPU.ActiveCfg = Release|Any CPU
		{3EF8538D-8338-449D-A179-5A59907E2D8C}.Release|Any CPU.Build.0 = Release|Any CPU
	EndGlobalSection
	GlobalSection(SolutionProperties) = preSolution
		HideSolutionNode = FALSE
	EndGlobalSection
	GlobalSection(ExtensibilityGlobals) = postSolution
		SolutionGuid = {5A280043-6140-4F7A-88D1-821C3A560F49}
	EndGlobalSection
EndGlobal
